
Microsoft Visual Studio Solution File, Format Version 12.00
# Visual Studio 15
VisualStudioVersion = 15.0.28010.2041
MinimumVisualStudioVersion = 10.0.40219.1
Project("{FAE04EC0-301F-11D3-BF4B-00C04F79EFBC}") = "TA4", "TA4\TA4.csproj", "{EDE849A1-44F0-4C64-926F-95D8143BD417}"
EndProject
Global
	GlobalSection(SolutionConfigurationPlatforms) = preSolution
		Debug|Any CPU = Debug|Any CPU
		Release|Any CPU = Release|Any CPU
	EndGlobalSection
	GlobalSection(ProjectConfigurationPlatforms) = postSolution
		{EDE849A1-44F0-4C64-926F-95D8143BD417}.Debug|Any CPU.ActiveCfg = Debug|Any CPU
		{EDE849A1-44F0-4C64-926F-95D8143BD417}.Debug|Any CPU.Build.0 = Debug|Any CPU
		{EDE849A1-44F0-4C64-926F-95D8143BD417}.Release|Any CPU.ActiveCfg = Release|Any CPU
		{EDE849A1-44F0-4C64-926F-95D8143BD417}.Release|Any CPU.Build.0 = Release|Any CPU
	EndGlobalSection
	GlobalSection(SolutionProperties) = preSolution
		HideSolutionNode = FALSE
	EndGlobalSection
	GlobalSection(ExtensibilityGlobals) = postSolution
		SolutionGuid = {5B04B35B-7DC0-4EFC-BC0A-08AEA4E683AD}
	EndGlobalSection
EndGlobal
