
Microsoft Visual Studio Solution File, Format Version 12.00
# Visual Studio Version 16
VisualStudioVersion = 16.0.30523.141
MinimumVisualStudioVersion = 10.0.40219.1
Project("{FAE04EC0-301F-11D3-BF4B-00C04F79EFBC}") = "TALab3", "TALab3\TALab3.csproj", "{2F5F1D05-73A3-404E-8D51-5A2AB714C37B}"
EndProject
Global
	GlobalSection(SolutionConfigurationPlatforms) = preSolution
		Debug|Any CPU = Debug|Any CPU
		Release|Any CPU = Release|Any CPU
	EndGlobalSection
	GlobalSection(ProjectConfigurationPlatforms) = postSolution
		{2F5F1D05-73A3-404E-8D51-5A2AB714C37B}.Debug|Any CPU.ActiveCfg = Debug|Any CPU
		{2F5F1D05-73A3-404E-8D51-5A2AB714C37B}.Debug|Any CPU.Build.0 = Debug|Any CPU
		{2F5F1D05-73A3-404E-8D51-5A2AB714C37B}.Release|Any CPU.ActiveCfg = Release|Any CPU
		{2F5F1D05-73A3-404E-8D51-5A2AB714C37B}.Release|Any CPU.Build.0 = Release|Any CPU
	EndGlobalSection
	GlobalSection(SolutionProperties) = preSolution
		HideSolutionNode = FALSE
	EndGlobalSection
	GlobalSection(ExtensibilityGlobals) = postSolution
		SolutionGuid = {3CAAE655-902F-4C13-BFAA-35D9740ACE45}
	EndGlobalSection
EndGlobal
